
Microsoft Visual Studio Solution File, Format Version 12.00
# Visual Studio Version 16
VisualStudioVersion = 16.0.30803.129
MinimumVisualStudioVersion = 10.0.40219.1
Project("{FAE04EC0-301F-11D3-BF4B-00C04F79EFBC}") = "Lab6DotNet", "Lab6DotNet\Lab6DotNet.csproj", "{92E7AF8D-99BF-41AB-90F0-DFFF5D865B65}"
EndProject
Project("{FAE04EC0-301F-11D3-BF4B-00C04F79EFBC}") = "EntityFrameworkWrapper", "EntityFramework\EntityFrameworkWrapper.csproj", "{A9A44814-D284-421F-BCEF-8B5874DE2689}"
EndProject
Project("{FAE04EC0-301F-11D3-BF4B-00C04F79EFBC}") = "EntityFrameworkRepository", "EntityFrameworkRepository\EntityFrameworkRepository.csproj", "{E5564D67-895B-446C-ACD5-3DA9920BF810}"
EndProject
Global
	GlobalSection(SolutionConfigurationPlatforms) = preSolution
		Debug|Any CPU = Debug|Any CPU
		Release|Any CPU = Release|Any CPU
	EndGlobalSection
	GlobalSection(ProjectConfigurationPlatforms) = postSolution
		{92E7AF8D-99BF-41AB-90F0-DFFF5D865B65}.Debug|Any CPU.ActiveCfg = Debug|Any CPU
		{92E7AF8D-99BF-41AB-90F0-DFFF5D865B65}.Debug|Any CPU.Build.0 = Debug|Any CPU
		{92E7AF8D-99BF-41AB-90F0-DFFF5D865B65}.Release|Any CPU.ActiveCfg = Release|Any CPU
		{92E7AF8D-99BF-41AB-90F0-DFFF5D865B65}.Release|Any CPU.Build.0 = Release|Any CPU
		{A9A44814-D284-421F-BCEF-8B5874DE2689}.Debug|Any CPU.ActiveCfg = Debug|Any CPU
		{A9A44814-D284-421F-BCEF-8B5874DE2689}.Debug|Any CPU.Build.0 = Debug|Any CPU
		{A9A44814-D284-421F-BCEF-8B5874DE2689}.Release|Any CPU.ActiveCfg = Release|Any CPU
		{A9A44814-D284-421F-BCEF-8B5874DE2689}.Release|Any CPU.Build.0 = Release|Any CPU
		{E5564D67-895B-446C-ACD5-3DA9920BF810}.Debug|Any CPU.ActiveCfg = Debug|Any CPU
		{E5564D67-895B-446C-ACD5-3DA9920BF810}.Debug|Any CPU.Build.0 = Debug|Any CPU
		{E5564D67-895B-446C-ACD5-3DA9920BF810}.Release|Any CPU.ActiveCfg = Release|Any CPU
		{E5564D67-895B-446C-ACD5-3DA9920BF810}.Release|Any CPU.Build.0 = Release|Any CPU
	EndGlobalSection
	GlobalSection(SolutionProperties) = preSolution
		HideSolutionNode = FALSE
	EndGlobalSection
	GlobalSection(ExtensibilityGlobals) = postSolution
		SolutionGuid = {445791AB-250B-450A-BC0E-24504E571CA2}
	EndGlobalSection
EndGlobal
